# This file is autogenerated, do not edit; changes may be undone by the next 'dep ensure'.


[[projects]]
  name = "github.com/pkg/errors"
  packages = ["."]
  revision = "645ef00459ed84a119197bfb8d8205042c6df63d"
  version = "v0.8.0"

[[projects]]
  name = "github.com/sheenobu/go-xco"
  packages = ["."]
  revision = "20e894c4a59fe4190ed402bf6d65f5995f7cb8ce"
  version = "0.2.3"

[[projects]]
  branch = "master"
  name = "golang.org/x/net"
  packages = ["context"]
  revision = "d0887baf81f4598189d4e12a37c6da86f0bba4d0"

[solve-meta]
  analyzer-name = "dep"
  analyzer-version = 1
  inputs-digest = "d87305bfb9e7c75b7a655333ec2ff27023abd3b14fd900e5495ae7beb27a9ce0"
  solver-name = "gps-cdcl"
  solver-version = 1
